{
  "name": "externalmodule",
  "version": "1.0.0",
  "lockfileVersion": 2,
  "requires": true,
  "packages": {
    "": {
      "name": "externalmodule",
      "version": "1.0.0",
      "license": "ISC",
      "dependencies": {
        "random-fruits-name": "^1.9.4"
      }
    },
    "node_modules/random-fruits-name": {
      "version": "1.9.4",
      "resolved": "https://registry.npmjs.org/random-fruits-name/-/random-fruits-name-1.9.4.tgz",
      "integrity": "sha512-a+xKV8D+XP4g+fz5xajv8ey2b16+iIVHAtaZMRu63F4fj6Gfr4im7BjC8wD/aE5Xaf8tNdQf8qGRQb1s6BdkCQ=="
    }
  },
  "dependencies": {
    "random-fruits-name": {
      "version": "1.9.4",
      "resolved": "https://registry.npmjs.org/random-fruits-name/-/random-fruits-name-1.9.4.tgz",
      "integrity": "sha512-a+xKV8D+XP4g+fz5xajv8ey2b16+iIVHAtaZMRu63F4fj6Gfr4im7BjC8wD/aE5Xaf8tNdQf8qGRQb1s6BdkCQ=="
    }
  }
}
